
Microsoft Visual Studio Solution File, Format Version 12.00
# Visual Studio Version 17
VisualStudioVersion = 17.11.35312.102
MinimumVisualStudioVersion = 10.0.40219.1
Project("{FAE04EC0-301F-11D3-BF4B-00C04F79EFBC}") = "Lab2_Kuleshir", "Lab2_Kuleshir\Lab2_Kuleshir.csproj", "{14DBAFE8-3B8D-4357-8305-8F5E8584C88B}"
EndProject
Global
	GlobalSection(SolutionConfigurationPlatforms) = preSolution
		Debug|Any CPU = Debug|Any CPU
		Release|Any CPU = Release|Any CPU
	EndGlobalSection
	GlobalSection(ProjectConfigurationPlatforms) = postSolution
		{14DBAFE8-3B8D-4357-8305-8F5E8584C88B}.Debug|Any CPU.ActiveCfg = Debug|Any CPU
		{14DBAFE8-3B8D-4357-8305-8F5E8584C88B}.Debug|Any CPU.Build.0 = Debug|Any CPU
		{14DBAFE8-3B8D-4357-8305-8F5E8584C88B}.Release|Any CPU.ActiveCfg = Release|Any CPU
		{14DBAFE8-3B8D-4357-8305-8F5E8584C88B}.Release|Any CPU.Build.0 = Release|Any CPU
	EndGlobalSection
	GlobalSection(SolutionProperties) = preSolution
		HideSolutionNode = FALSE
	EndGlobalSection
	GlobalSection(ExtensibilityGlobals) = postSolution
		SolutionGuid = {22841853-A44B-4B76-98F0-3D81785FD9D7}
	EndGlobalSection
EndGlobal
